
Microsoft Visual Studio Solution File, Format Version 12.00
# Visual Studio Version 17
VisualStudioVersion = 17.3.32901.215
MinimumVisualStudioVersion = 10.0.40219.1
Project("{FAE04EC0-301F-11D3-BF4B-00C04F79EFBC}") = "BorrowLend", "BorrowLend\BorrowLend.csproj", "{FF5B820C-590C-48FA-A3DB-D7272A03907D}"
EndProject
Global
	GlobalSection(SolutionConfigurationPlatforms) = preSolution
		Debug|Any CPU = Debug|Any CPU
		Release|Any CPU = Release|Any CPU
	EndGlobalSection
	GlobalSection(ProjectConfigurationPlatforms) = postSolution
		{FF5B820C-590C-48FA-A3DB-D7272A03907D}.Debug|Any CPU.ActiveCfg = Debug|Any CPU
		{FF5B820C-590C-48FA-A3DB-D7272A03907D}.Debug|Any CPU.Build.0 = Debug|Any CPU
		{FF5B820C-590C-48FA-A3DB-D7272A03907D}.Release|Any CPU.ActiveCfg = Release|Any CPU
		{FF5B820C-590C-48FA-A3DB-D7272A03907D}.Release|Any CPU.Build.0 = Release|Any CPU
	EndGlobalSection
	GlobalSection(SolutionProperties) = preSolution
		HideSolutionNode = FALSE
	EndGlobalSection
	GlobalSection(ExtensibilityGlobals) = postSolution
		SolutionGuid = {FF016FC7-B6DC-4F94-A09F-D3CD388B5053}
	EndGlobalSection
EndGlobal
